
Microsoft Visual Studio Solution File, Format Version 12.00
# Visual Studio Version 17
VisualStudioVersion = 17.2.32505.173
MinimumVisualStudioVersion = 10.0.40219.1
Project("{9A19103F-16F7-4668-BE54-9A1E7A4F7556}") = "LeonXIIICore", "LeonXIIICore.csproj", "{CAA360B3-866E-4449-A252-FB991416361D}"
EndProject
Global
	GlobalSection(SolutionConfigurationPlatforms) = preSolution
		Debug|Any CPU = Debug|Any CPU
		Release|Any CPU = Release|Any CPU
	EndGlobalSection
	GlobalSection(ProjectConfigurationPlatforms) = postSolution
		{CAA360B3-866E-4449-A252-FB991416361D}.Debug|Any CPU.ActiveCfg = Debug|Any CPU
		{CAA360B3-866E-4449-A252-FB991416361D}.Debug|Any CPU.Build.0 = Debug|Any CPU
		{CAA360B3-866E-4449-A252-FB991416361D}.Release|Any CPU.ActiveCfg = Release|Any CPU
		{CAA360B3-866E-4449-A252-FB991416361D}.Release|Any CPU.Build.0 = Release|Any CPU
	EndGlobalSection
	GlobalSection(SolutionProperties) = preSolution
		HideSolutionNode = FALSE
	EndGlobalSection
	GlobalSection(ExtensibilityGlobals) = postSolution
		SolutionGuid = {3A6C3607-B214-4FE5-98A2-55973F8C607B}
	EndGlobalSection
EndGlobal
